version: 1
files:
  messages\en.json:
    cookies.message: 21c098ba42524dc9e11a58bb06c8e623
    cookies.privacyLink: fa2ead697d9998cbc65c81384e6533d5
    cookies.accept: c4408d335012a56ff58937d78050efad
    home.title: 2f6e0e0dd3d6385f4220aab32fdb2132
    home.description: 3694b3ddd922bf07db713758df113ec6
    home.getStarted: e0c4332e8c13be976552a059f106354f
    home.platform: 419f3742e6de8e0ec4b22cce005e7630
    login.signIn: f2fdea440d768b85591e936a803c3631
    login.enterEmail: 4c42eac137c9f2fcba5483b4eb4ffb6a
    login.emailPlaceholder: fa04ed31178ba782de7b00ee0e78a822
    login.termsOfService: 3b6c2b4caaf4f14f8d7feeddc4ac3f4d
    login.privacyPolicy: fa2ead697d9998cbc65c81384e6533d5
    login.agreeTo: 3abbd962f6751baf05a19c4ebbc8d0e7
    login.sending: 7b0fee4d957f4ffc0ed5abdd184062b7
    login.sendCode: 9fb79eedf41de365cce17e1732615aba
    login.back: 0557fa923dcee4d0f86b1409f5c2167f
    login.verify: 5a750f86ef41f22f852c43351e3ff383
    login.checkEmail: 318a4ba6da2b4e2ba0c2d44c8793d3c9
    login.enterCode: 1b60d58e0c3cc182cb8765f987bb317b
    login.errorSendingCode: 0c80197a35fe036ee096fb21400d101d
    login.tooManyAttempts: 4aa67516afa37316279726bbdc00cc47
    login.tryAgainLater: 62c579e7e25d97cecbb4e6bf9d014c5c
    login.success: 505a83f220c02df2f85c3810cd9ceb38
    login.signedIn: 3fa55d676db7244744003e5ddb7d9e67
    login.errorVerifyingCode: c54fc7743a0faa370efe6a28b6e8b177
    login.tryAgain: 2d3cdcfdd4061212e4d4930a183dad2d
    login.securityCheck: 843a00df055ce566a12e940e0a742591
    login.verifyHuman: ed72aa587d91caf558c7d7e896236bcd
    generator.yourGeneratedAvatar: 9599202ab1cc12c2e7fbb0e878481836
    generator.imageDownloaded: f476d4f9b23658e8f5f0ee735649db24
    generator.failedToGetDescription: 0163362aa910f28080ad08e774d79565
    generator.failedToGenerateImage: 6d5997d7b2dd18d0562aedb07b108dde
    generator.imageUrlCopied: d4aede7e50fbddb16ce34cc26477a856
    generator.failedToDownloadImage: 5576770a99bdb385cf2a429fc25c9f08
    generator.shareOnTwitter: 1d951d9b21da3a1d8de14c19b3238cf1
    generator.downloadAsPng: 23744be97a7005a156b7bad84d4318fb
    generator.uploadPhoto: 05e477b076e4d2da5e754c26f228202a
    generator.useWebcam: 55407a909a45c344bf996e270c629717
    generator.noPhotoSelected: f276e39bc54f7df477c359c39454549f
    generator.noFaceDetectedInTheImage: 539d25f30b4db08df1b5d57339281693
    generator.generating: 530a6ed46ff9e1aa707e0af48a465be7
    generator.generateAvatar: c695607c11f22df8a5c5b14809422f7b
    generator.takePhoto: ed64f0c06b92efe1c8cc1b395307bcfa
    generator.background: a9ded1e5ce5d75814730bb4caaf49419
    generator.solid: e41480b6bbfbf7407974a88d3d34f4fa
    generator.gradient: 5e59525cb7d1d1cd93be0b9f36e9d09a
    generator.scene: 9ead0d38e06ec253ca0ecbf6ea56e59b
    generator.selectPose: ff3f1f09923b0092fa467bb10f0bb9ff
    generator.pose: 8109c9c9d6a2ca3bec3e006fe51a5f3e
    generator.watching-horizon: 88fbbc9ea352f20316419ba422dedbe2
    generator.looking-forward: 6be759c0a06d2e1a79fb1b273448e567
    generator.looking-left: 5acecc30a76ef26402c28c6364e77137
    generator.looking-right: f571fe02cd721dcfc7deee8a80141e44
    generator.faceDetected: c0b060bf89f75f8cb4f3b6b18d1b5edf
    generator.theFaceHasBeenDetectedInTheImage: f990869542f0a520ddbc7a81555d74ef
    generator.webcamError: 458ade7d96d9d07ff21bcc6f9c6fd2ce
    generator.pleaseAllowCameraAccess: c47b45a527b93e71feba52cc0777cf10
    generator.noFaceDetected: f344f56f7d0edd78058f357e2ed8a7f4
    generator.pleaseEnsureAFaceIsInTheImage: c11dc7a8b833aec71e34807c4acd51c5
    generator.failedToCapturePhoto: 5b4c56e74054d5aea75194293cfec36f
    generator.pleaseWaitForCameraToLoad: 1847247a46c5866b7d255dc475e41d4f
    generator.uploading: 3f1c5b0049a9751e6f5f9e702b74a0dd
    generator.copyImageUrl: 7eb29ad84023f3ce1c1273dfab5c5d9d
    generator.copyImageUrlDescription: 85f63da1e852cac7e7e40f6259560f35
    generator.imageUrlCopiedDescription: e522914d954c46c9dcd1c93c146adb3a
    generator.copyImage: 164871d3d0f081e0eddcef9f5024c69e
    generator.copyImageDescription: e37ebfbbcc9400885b6a499da19ae74c
    generator.avatarCopied: 20c343844fadca1ba72b0fed46da0b75
    generator.avatarDownloaded: cdfb5fc616a391d84ab8f118b24d06a6
    generator.imageCopied: 5f075713c2ad27728380dbbb5c7c345b
    generator.copyImageError: 396cb79e20788649e62463b4e30f48f2
    generator.originalPhoto: d33a8d4e93d25024dcf0666e5bec19cc
    generator.error: 902b0d55fddef6f8d651fe1035b7d4bd
    generator.multipleFacesDetected: eaa72182ab24d7482f6ef7a4dfeefea7
    generator.pleaseEnsureOnlyOneFaceIsInTheImage: 88de6d5de4c639e21644dd32d5562eac
    generator.failedToUploadImage: a3f4049cfc1bb81d88314b358ea50639
    generator.pleaseTryAgain: 82e50c727674f251464fc7520f5bde26
    generator.removeBackground: fb205cd04c1029fd84d6ccc7a7ec3fa9
    generator.failedToRemoveBackground: d632b9cadf32eb1fc0c56c68492fa103
    generator.dragAndDropOrClickToUpload: 52c8a3311da5c38a49e69bfd6d736716
    appHeader.generate: 32b919d18cfaca89383f6000dcc9c031
    appHeader.packs: eeb7feed35a8a59d67a52188ca1183dc
    appHeader.getCredits: be04268e364ced743fb49dbce7e296a0
    appHeader.createCodes: e165bb67d4863d01403b713698e791e9
    appHeader.dark: a18366b217ebf811ad1886e4f4f865b2
    appHeader.light: 9914a0ce04a7b7b6a8e39bec55064b82
    appHeader.signOut: c87aacf5673fada1108c9f809d354311
    appHeader.credits: 948a2e3548aaf7f9941a3192fa607d51
    appHeader.deleteAccount: bee04ef1315b3f9562be34e2e28a7831
    appHeader.deleteAccountTitle: bee04ef1315b3f9562be34e2e28a7831
    appHeader.deleteAccountDescription: c144e0f0d9158d5bfbb6bf5658520d11
    appHeader.cancel: ea4788705e6873b424c65e91c2846b19
    appHeader.error: 902b0d55fddef6f8d651fe1035b7d4bd
    appHeader.failedToDeleteAccount: 22f19329e53727ef1cf6526d7a2f4af4
    rating.thanksForTheLike: f3133c4d3006fa11ff25fa75d2181d56
    rating.thanksForTheFeedback: 64a5aa4b08149a4da6b37ab3f2171661
    rating.photoRated: b0461109a9f6af0caa660e4664ae0916
    rating.failedToRatePhoto: ada9204cb1444cfe7ea2bcd8b871fe5c
    rating.loveAvatar: 4d4c3518c467548abff3a84cc92c0504
    rating.likeAvatar: fd250fe3c03030f6144b7fdbcbf3b520
    rating.dislikeAvatar: 7153b84ec4d7c30ad5ff2917a06afed1
    rating.youveReceivedCredits: 47d507dec8e3f0978db54e5ad14ac562
    rating.success: 1a81759353d36dbd31059fc261af0aa2
    packs.noPacks: 1b6c669cac7f7d7f4aa405a2a8a616a3
    packs.totalCost: 3cf600f753fc673c1e57c0f3c807f4d7
    packs.deletePack: c38e03406181f750e7485f080bfcc5c8
    packs.openInEditor: 7c8a5dd1b1238aab5683498554b29c3d
    packs.credits: 928735d6f2c63bee316dd511c8ccaf55
    packs.copyImageUrl: 7eb29ad84023f3ce1c1273dfab5c5d9d
    packs.downloadAsPng: 23744be97a7005a156b7bad84d4318fb
    packs.shareOnTwitter: 1d951d9b21da3a1d8de14c19b3238cf1
    packs.originalPhoto: d33a8d4e93d25024dcf0666e5bec19cc
    packs.packNotFound: 41735b12c2d2d3c6f13ac7892fea201e
    credits.getMoreCredits: 6a3353b232d4238e4bf5ad5d70b87073
    credits.purchase: 76b6a47a02685d51794b9fdb095512e5
    credits.oneTimePurchaseOnly: ea17195ad7f9b1cc366ef0c8025fbed8
    credits.noProductsAvailable: 83616ce700227a3abc6adad8dd6e66a0
    credits.needMoreCredits: d508a4673ac226ca571d851c772e414e
    credits.youCanGetMoreCreditsInTwoWays: b54ff4fa789988506bac51fb4f7f38a9
    credits.contactMeForFreeCreditsThrough: c101d6e7ea971bc13a9fdf89154d36a3
    credits.withVariousPaymentOptions: 3e33e7020f6ac0dc0e6dfe62e036fc5f
    credits.orRedeemACode: cdd3dfb9d01fb1b2641580d0719af0a2
    credits.claiming: 7ea560e29d4c59a66d071d15da80b7ca
    credits.claim: 803138044f8a43e9dcb5a76722ee06d0
    credits.success: 402e7a087747cb56c718bde84651f96a
    credits.youveReceivedCredits: 47d507dec8e3f0978db54e5ad14ac562
    credits.purchaseCredits: 851285b6ca25e393ace0c3af7c8bef36
    credits.returnToGenerator: 96143f7dd4ed653811e9f630385eb75e
    credits.yourPurchaseIsBeingProcessed: ec0e1e2c1b19ff7b1e0c92a2c18e51c8
    credits.thankYou: 03b55d8ed61b625c209cc42ea0a35b8c
    getCreditsDialog.youCanGetMoreCreditsInThreeWays: 557d449bf4d95468f896db919387f507
    getCreditsDialog.ratePhotosAndYouCanGetBonusCreditsForFree: 891e747ada109f734d2fb9282dd9ad6a
    getCreditsDialog.buyCredits: 466909bc355d9be694c17f4bb76cb7ac
    getCreditsDialog.needMoreCredits: d508a4673ac226ca571d851c772e414e
    getCreditsDialog.orRedeemACode: cdd3dfb9d01fb1b2641580d0719af0a2
    getCreditsDialog.withVariousPaymentOptions: 3e33e7020f6ac0dc0e6dfe62e036fc5f
    getCreditsDialog.contactMeForFreeCreditsThrough: c101d6e7ea971bc13a9fdf89154d36a3
    getCreditsDialog.purchaseCredits: 851285b6ca25e393ace0c3af7c8bef36
    getCreditsDialog.claim: 803138044f8a43e9dcb5a76722ee06d0
    getCreditsDialog.claiming: 7ea560e29d4c59a66d071d15da80b7ca
    getCreditsDialog.success: 402e7a087747cb56c718bde84651f96a
    getCreditsDialog.youveReceivedCredits: 47d507dec8e3f0978db54e5ad14ac562
    getCreditsDialog.invalidCode: e4282a24d0473bcf155064341f71e92b
    getCreditsDialog.enterCode: 733640ec0c9367df1b4d85eb286ed9ae
    reminders.credits.message: 2e56e1d9cf4a3e46c70dd0b2001e4348
    reminders.credits.action.text: 466909bc355d9be694c17f4bb76cb7ac
    reminders.credits.action.url: 03e9f833fc5c9d2215e761ac2b5a8b7a
    reminders.productHunt.message: bc313b30485b458bba6713f4ee3f25f0
    reminders.productHunt.action.text: e1f721bbe75c4bebde1aadb4b9644f53
    reminders.productHunt.action.url: 083db64dfc3c2f9586663726902b0f18
    reminders.twitter.message: bb93cca15506e2c660ac66ca8c004bf9
    reminders.twitter.action.text: 40e5b74c0067f7f803cdb1eb66eae5ef
    reminders.twitter.action.url: 8abd742fbab225746a2449b037236609
    reminders.freeCredits.message: 9b3eb6dfdd44572c6e8f2ca71da027df
    reminders.freeCredits.action.text: 443b30200e8ca34381e4190987185902
    reminders.freeCredits.action.url: 4d4761ce15b90a04684558ef61829cfb
